
Microsoft Visual Studio Solution File, Format Version 12.00
# Visual Studio Version 17
VisualStudioVersion = 17.9.34728.123
MinimumVisualStudioVersion = 10.0.40219.1
Project("{FAE04EC0-301F-11D3-BF4B-00C04F79EFBC}") = "UBCO_alien_lang_translator", "UBCO_alien_lang_translator.csproj", "{3202F97C-F458-4385-9DD2-A2B3B0AE1B68}"
EndProject
Global
	GlobalSection(SolutionConfigurationPlatforms) = preSolution
		Debug|Any CPU = Debug|Any CPU
		Release|Any CPU = Release|Any CPU
	EndGlobalSection
	GlobalSection(ProjectConfigurationPlatforms) = postSolution
		{3202F97C-F458-4385-9DD2-A2B3B0AE1B68}.Debug|Any CPU.ActiveCfg = Debug|Any CPU
		{3202F97C-F458-4385-9DD2-A2B3B0AE1B68}.Debug|Any CPU.Build.0 = Debug|Any CPU
		{3202F97C-F458-4385-9DD2-A2B3B0AE1B68}.Release|Any CPU.ActiveCfg = Release|Any CPU
		{3202F97C-F458-4385-9DD2-A2B3B0AE1B68}.Release|Any CPU.Build.0 = Release|Any CPU
	EndGlobalSection
	GlobalSection(SolutionProperties) = preSolution
		HideSolutionNode = FALSE
	EndGlobalSection
	GlobalSection(ExtensibilityGlobals) = postSolution
		SolutionGuid = {AE0D62A3-9902-4692-8D47-D451151CD466}
	EndGlobalSection
EndGlobal
